
Microsoft Visual Studio Solution File, Format Version 12.00
# Visual Studio 15
VisualStudioVersion = 15.0.28010.2016
MinimumVisualStudioVersion = 10.0.40219.1
Project("{9A19103F-16F7-4668-BE54-9A1E7A4F7556}") = "WebsiteApp", "WebsiteApp.csproj", "{ED3AF2DA-14C3-4E1A-8929-EFF5988F6775}"
EndProject
Global
	GlobalSection(SolutionConfigurationPlatforms) = preSolution
		Debug|Any CPU = Debug|Any CPU
		Release|Any CPU = Release|Any CPU
	EndGlobalSection
	GlobalSection(ProjectConfigurationPlatforms) = postSolution
		{ED3AF2DA-14C3-4E1A-8929-EFF5988F6775}.Debug|Any CPU.ActiveCfg = Debug|Any CPU
		{ED3AF2DA-14C3-4E1A-8929-EFF5988F6775}.Debug|Any CPU.Build.0 = Debug|Any CPU
		{ED3AF2DA-14C3-4E1A-8929-EFF5988F6775}.Release|Any CPU.ActiveCfg = Release|Any CPU
		{ED3AF2DA-14C3-4E1A-8929-EFF5988F6775}.Release|Any CPU.Build.0 = Release|Any CPU
	EndGlobalSection
	GlobalSection(SolutionProperties) = preSolution
		HideSolutionNode = FALSE
	EndGlobalSection
	GlobalSection(ExtensibilityGlobals) = postSolution
		SolutionGuid = {C2933828-2CC0-467B-82F5-DDB976877339}
	EndGlobalSection
EndGlobal
